
Microsoft Visual Studio Solution File, Format Version 12.00
# Visual Studio Version 17
VisualStudioVersion = 17.9.34714.143
MinimumVisualStudioVersion = 10.0.40219.1
Project("{FAE04EC0-301F-11D3-BF4B-00C04F79EFBC}") = "ASP.NET Core Web API", "ASP.NET Core Web API.csproj", "{DE343EDC-C5E3-4FF3-B81F-35AF25B50570}"
EndProject
Global
	GlobalSection(SolutionConfigurationPlatforms) = preSolution
		Debug|Any CPU = Debug|Any CPU
		Release|Any CPU = Release|Any CPU
	EndGlobalSection
	GlobalSection(ProjectConfigurationPlatforms) = postSolution
		{DE343EDC-C5E3-4FF3-B81F-35AF25B50570}.Debug|Any CPU.ActiveCfg = Debug|Any CPU
		{DE343EDC-C5E3-4FF3-B81F-35AF25B50570}.Debug|Any CPU.Build.0 = Debug|Any CPU
		{DE343EDC-C5E3-4FF3-B81F-35AF25B50570}.Release|Any CPU.ActiveCfg = Release|Any CPU
		{DE343EDC-C5E3-4FF3-B81F-35AF25B50570}.Release|Any CPU.Build.0 = Release|Any CPU
	EndGlobalSection
	GlobalSection(SolutionProperties) = preSolution
		HideSolutionNode = FALSE
	EndGlobalSection
	GlobalSection(ExtensibilityGlobals) = postSolution
		SolutionGuid = {B18063D9-6649-42F3-9A40-95B5705371A6}
	EndGlobalSection
EndGlobal
